
Microsoft Visual Studio Solution File, Format Version 12.00
# Visual Studio Version 17
VisualStudioVersion = 17.5.33530.505
MinimumVisualStudioVersion = 10.0.40219.1
Project("{FAE04EC0-301F-11D3-BF4B-00C04F79EFBC}") = "Product", "Product\Product.csproj", "{65FF5571-524C-488D-9609-0537C39F1EBC}"
EndProject
Global
	GlobalSection(SolutionConfigurationPlatforms) = preSolution
		Debug|Any CPU = Debug|Any CPU
		Release|Any CPU = Release|Any CPU
	EndGlobalSection
	GlobalSection(ProjectConfigurationPlatforms) = postSolution
		{65FF5571-524C-488D-9609-0537C39F1EBC}.Debug|Any CPU.ActiveCfg = Debug|Any CPU
		{65FF5571-524C-488D-9609-0537C39F1EBC}.Debug|Any CPU.Build.0 = Debug|Any CPU
		{65FF5571-524C-488D-9609-0537C39F1EBC}.Release|Any CPU.ActiveCfg = Release|Any CPU
		{65FF5571-524C-488D-9609-0537C39F1EBC}.Release|Any CPU.Build.0 = Release|Any CPU
	EndGlobalSection
	GlobalSection(SolutionProperties) = preSolution
		HideSolutionNode = FALSE
	EndGlobalSection
	GlobalSection(ExtensibilityGlobals) = postSolution
		SolutionGuid = {DAEABB3B-BB62-4672-AB44-2FFE6510A591}
	EndGlobalSection
EndGlobal
